
Microsoft Visual Studio Solution File, Format Version 12.00
# Visual Studio 15
VisualStudioVersion = 15.0.28307.572
MinimumVisualStudioVersion = 10.0.40219.1
Project("{FAE04EC0-301F-11D3-BF4B-00C04F79EFBC}") = "HelloWorldRoopa", "HelloWorldRoopa\HelloWorldRoopa.csproj", "{7194C873-45A5-4814-86BC-DFD9E96C9B55}"
EndProject
Global
	GlobalSection(SolutionConfigurationPlatforms) = preSolution
		Debug|Any CPU = Debug|Any CPU
		Release|Any CPU = Release|Any CPU
	EndGlobalSection
	GlobalSection(ProjectConfigurationPlatforms) = postSolution
		{7194C873-45A5-4814-86BC-DFD9E96C9B55}.Debug|Any CPU.ActiveCfg = Debug|Any CPU
		{7194C873-45A5-4814-86BC-DFD9E96C9B55}.Debug|Any CPU.Build.0 = Debug|Any CPU
		{7194C873-45A5-4814-86BC-DFD9E96C9B55}.Release|Any CPU.ActiveCfg = Release|Any CPU
		{7194C873-45A5-4814-86BC-DFD9E96C9B55}.Release|Any CPU.Build.0 = Release|Any CPU
	EndGlobalSection
	GlobalSection(SolutionProperties) = preSolution
		HideSolutionNode = FALSE
	EndGlobalSection
	GlobalSection(ExtensibilityGlobals) = postSolution
		SolutionGuid = {9B86F811-73D7-41AB-A97E-6DCC59490592}
	EndGlobalSection
EndGlobal
